
Microsoft Visual Studio Solution File, Format Version 12.00
# Visual Studio 2015
Project("{FAE04EC0-301F-11D3-BF4B-00C04F79EFBC}") = "Remedial_GameMechanics.CSharp", "Remedial_GameMechanics.CSharp.csproj", "{D5C9A85E-ADDD-C602-140E-B58BB1E9B0BD}"
EndProject
Global
	GlobalSection(SolutionConfigurationPlatforms) = preSolution
		Debug|Any CPU = Debug|Any CPU
		Release|Any CPU = Release|Any CPU
	EndGlobalSection
	GlobalSection(ProjectConfigurationPlatforms) = postSolution
		{D5C9A85E-ADDD-C602-140E-B58BB1E9B0BD}.Debug|Any CPU.ActiveCfg = Debug|Any CPU
		{D5C9A85E-ADDD-C602-140E-B58BB1E9B0BD}.Debug|Any CPU.Build.0 = Debug|Any CPU
		{D5C9A85E-ADDD-C602-140E-B58BB1E9B0BD}.Release|Any CPU.ActiveCfg = Release|Any CPU
		{D5C9A85E-ADDD-C602-140E-B58BB1E9B0BD}.Release|Any CPU.Build.0 = Release|Any CPU
	EndGlobalSection
	GlobalSection(SolutionProperties) = preSolution
		HideSolutionNode = FALSE
	EndGlobalSection
EndGlobal
